// !$*UTF8*$!
{
	archiveVersion = 1;
	classes = {
	};
	objectVersion = 50;
	objects = {

/* Begin PBXBuildFile section */
		842D6BCC233698F800621AC8 /* CustomNavigationBarView.swift in Sources */ = {isa = PBXBuildFile; fileRef = 842D6BCB233698F800621AC8 /* CustomNavigationBarView.swift */; };
		842D6BD02336A03500621AC8 /* DetailsHeaderView.swift in Sources */ = {isa = PBXBuildFile; fileRef = 842D6BCF2336A03500621AC8 /* DetailsHeaderView.swift */; };
		842D6BD32336A25F00621AC8 /* TodoIconModifier.swift in Sources */ = {isa = PBXBuildFile; fileRef = 842D6BD22336A25F00621AC8 /* TodoIconModifier.swift */; };
		842D6BD52336A90500621AC8 /* TaskListView.swift in Sources */ = {isa = PBXBuildFile; fileRef = 842D6BD42336A90500621AC8 /* TaskListView.swift */; };
		842D6BD72336BCF400621AC8 /* TodoDetailsView.swift in Sources */ = {isa = PBXBuildFile; fileRef = 842D6BD62336BCF400621AC8 /* TodoDetailsView.swift */; };
		844EBE9B2335C62400A4F7F0 /* ProgressBarView.swift in Sources */ = {isa = PBXBuildFile; fileRef = 844EBE9A2335C62400A4F7F0 /* ProgressBarView.swift */; };
		844EBE9E2335D50A00A4F7F0 /* TodoList.swift in Sources */ = {isa = PBXBuildFile; fileRef = 844EBE9D2335D50A00A4F7F0 /* TodoList.swift */; };
		84517B2F233C1AB20004623F /* App.swift in Sources */ = {isa = PBXBuildFile; fileRef = 84517B2E233C1AB20004623F /* App.swift */; };
		84517B33233C45700004623F /* CloseButtonView.swift in Sources */ = {isa = PBXBuildFile; fileRef = 84517B32233C45700004623F /* CloseButtonView.swift */; };
		845EC989233465A700333176 /* AppDelegate.swift in Sources */ = {isa = PBXBuildFile; fileRef = 845EC988233465A700333176 /* AppDelegate.swift */; };
		845EC98B233465A700333176 /* SceneDelegate.swift in Sources */ = {isa = PBXBuildFile; fileRef = 845EC98A233465A700333176 /* SceneDelegate.swift */; };
		845EC98E233465A700333176 /* TodoDribble.xcdatamodeld in Sources */ = {isa = PBXBuildFile; fileRef = 845EC98C233465A700333176 /* TodoDribble.xcdatamodeld */; };
		845EC992233465AB00333176 /* Assets.xcassets in Resources */ = {isa = PBXBuildFile; fileRef = 845EC991233465AB00333176 /* Assets.xcassets */; };
		845EC995233465AB00333176 /* Preview Assets.xcassets in Resources */ = {isa = PBXBuildFile; fileRef = 845EC994233465AB00333176 /* Preview Assets.xcassets */; };
		845EC998233465AB00333176 /* LaunchScreen.storyboard in Resources */ = {isa = PBXBuildFile; fileRef = 845EC996233465AB00333176 /* LaunchScreen.storyboard */; };
		845EC9A02334670300333176 /* MainCardView.swift in Sources */ = {isa = PBXBuildFile; fileRef = 845EC99F2334670300333176 /* MainCardView.swift */; };
		84D79A0D2335D8E10075BC29 /* Task.swift in Sources */ = {isa = PBXBuildFile; fileRef = 84D79A0C2335D8E10075BC29 /* Task.swift */; };
		84D79A0F2335D9530075BC29 /* TaskListCellView.swift in Sources */ = {isa = PBXBuildFile; fileRef = 84D79A0E2335D9530075BC29 /* TaskListCellView.swift */; };
		84D79A112335DE6E0075BC29 /* MainHeaderView.swift in Sources */ = {isa = PBXBuildFile; fileRef = 84D79A102335DE6E0075BC29 /* MainHeaderView.swift */; };
		84D79A132335E1AA0075BC29 /* Colors.swift in Sources */ = {isa = PBXBuildFile; fileRef = 84D79A122335E1AA0075BC29 /* Colors.swift */; };
		84D79A152335E1B90075BC29 /* MainView.swift in Sources */ = {isa = PBXBuildFile; fileRef = 84D79A142335E1B90075BC29 /* MainView.swift */; };
		84D9D317233836B0006409DB /* FloatingButtonView.swift in Sources */ = {isa = PBXBuildFile; fileRef = 84D9D316233836B0006409DB /* FloatingButtonView.swift */; };
		84D9D31A23384168006409DB /* NewTaskView.swift in Sources */ = {isa = PBXBuildFile; fileRef = 84D9D31923384168006409DB /* NewTaskView.swift */; };
		84F41A4F233C688A0027514C /* User.swift in Sources */ = {isa = PBXBuildFile; fileRef = 84F41A4E233C688A0027514C /* User.swift */; };
		84F41A54233C733A0027514C /* EditUserView.swift in Sources */ = {isa = PBXBuildFile; fileRef = 84F41A53233C733A0027514C /* EditUserView.swift */; };
		84F41A56233C73710027514C /* UserAvatarView.swift in Sources */ = {isa = PBXBuildFile; fileRef = 84F41A55233C73710027514C /* UserAvatarView.swift */; };
		84F41A58233D3EB70027514C /* SelectUserAvaterView.swift in Sources */ = {isa = PBXBuildFile; fileRef = 84F41A57233D3EB70027514C /* SelectUserAvaterView.swift */; };
		84F41A5B233DA7BC0027514C /* MainCardProgressView.swift in Sources */ = {isa = PBXBuildFile; fileRef = 84F41A5A233DA7BC0027514C /* MainCardProgressView.swift */; };
/* End PBXBuildFile section */

/* Begin PBXFileReference section */
		842D6BCB233698F800621AC8 /* CustomNavigationBarView.swift */ = {isa = PBXFileReference; lastKnownFileType = sourcecode.swift; path = CustomNavigationBarView.swift; sourceTree = "<group>"; };
		842D6BCF2336A03500621AC8 /* DetailsHeaderView.swift */ = {isa = PBXFileReference; lastKnownFileType = sourcecode.swift; path = DetailsHeaderView.swift; sourceTree = "<group>"; };
		842D6BD22336A25F00621AC8 /* TodoIconModifier.swift */ = {isa = PBXFileReference; lastKnownFileType = sourcecode.swift; path = TodoIconModifier.swift; sourceTree = "<group>"; };
		842D6BD42336A90500621AC8 /* TaskListView.swift */ = {isa = PBXFileReference; lastKnownFileType = sourcecode.swift; path = TaskListView.swift; sourceTree = "<group>"; };
		842D6BD62336BCF400621AC8 /* TodoDetailsView.swift */ = {isa = PBXFileReference; lastKnownFileType = sourcecode.swift; path = TodoDetailsView.swift; sourceTree = "<group>"; };
		844EBE9A2335C62400A4F7F0 /* ProgressBarView.swift */ = {isa = PBXFileReference; lastKnownFileType = sourcecode.swift; path = ProgressBarView.swift; sourceTree = "<group>"; };
		844EBE9D2335D50A00A4F7F0 /* TodoList.swift */ = {isa = PBXFileReference; lastKnownFileType = sourcecode.swift; path = TodoList.swift; sourceTree = "<group>"; };
		84517B2E233C1AB20004623F /* App.swift */ = {isa = PBXFileReference; lastKnownFileType = sourcecode.swift; path = App.swift; sourceTree = "<group>"; };
		84517B32233C45700004623F /* CloseButtonView.swift */ = {isa = PBXFileReference; lastKnownFileType = sourcecode.swift; path = CloseButtonView.swift; sourceTree = "<group>"; };
		845EC985233465A700333176 /* TodoDribble.app */ = {isa = PBXFileReference; explicitFileType = wrapper.application; includeInIndex = 0; path = TodoDribble.app; sourceTree = BUILT_PRODUCTS_DIR; };
		845EC988233465A700333176 /* AppDelegate.swift */ = {isa = PBXFileReference; lastKnownFileType = sourcecode.swift; path = AppDelegate.swift; sourceTree = "<group>"; };
		845EC98A233465A700333176 /* SceneDelegate.swift */ = {isa = PBXFileReference; lastKnownFileType = sourcecode.swift; path = SceneDelegate.swift; sourceTree = "<group>"; };
		845EC98D233465A700333176 /* TodoDribble.xcdatamodel */ = {isa = PBXFileReference; lastKnownFileType = wrapper.xcdatamodel; path = TodoDribble.xcdatamodel; sourceTree = "<group>"; };
		845EC991233465AB00333176 /* Assets.xcassets */ = {isa = PBXFileReference; lastKnownFileType = folder.assetcatalog; path = Assets.xcassets; sourceTree = "<group>"; };
		845EC994233465AB00333176 /* Preview Assets.xcassets */ = {isa = PBXFileReference; lastKnownFileType = folder.assetcatalog; path = "Preview Assets.xcassets"; sourceTree = "<group>"; };
		845EC997233465AB00333176 /* Base */ = {isa = PBXFileReference; lastKnownFileType = file.storyboard; name = Base; path = Base.lproj/LaunchScreen.storyboard; sourceTree = "<group>"; };
		845EC999233465AB00333176 /* Info.plist */ = {isa = PBXFileReference; lastKnownFileType = text.plist.xml; path = Info.plist; sourceTree = "<group>"; };
		845EC99F2334670300333176 /* MainCardView.swift */ = {isa = PBXFileReference; lastKnownFileType = sourcecode.swift; path = MainCardView.swift; sourceTree = "<group>"; };
		84D79A0C2335D8E10075BC29 /* Task.swift */ = {isa = PBXFileReference; lastKnownFileType = sourcecode.swift; path = Task.swift; sourceTree = "<group>"; };
		84D79A0E2335D9530075BC29 /* TaskListCellView.swift */ = {isa = PBXFileReference; lastKnownFileType = sourcecode.swift; path = TaskListCellView.swift; sourceTree = "<group>"; };
		84D79A102335DE6E0075BC29 /* MainHeaderView.swift */ = {isa = PBXFileReference; lastKnownFileType = sourcecode.swift; path = MainHeaderView.swift; sourceTree = "<group>"; };
		84D79A122335E1AA0075BC29 /* Colors.swift */ = {isa = PBXFileReference; lastKnownFileType = sourcecode.swift; path = Colors.swift; sourceTree = "<group>"; };
		84D79A142335E1B90075BC29 /* MainView.swift */ = {isa = PBXFileReference; lastKnownFileType = sourcecode.swift; path = MainView.swift; sourceTree = "<group>"; };
		84D9D316233836B0006409DB /* FloatingButtonView.swift */ = {isa = PBXFileReference; lastKnownFileType = sourcecode.swift; path = FloatingButtonView.swift; sourceTree = "<group>"; };
		84D9D31923384168006409DB /* NewTaskView.swift */ = {isa = PBXFileReference; lastKnownFileType = sourcecode.swift; path = NewTaskView.swift; sourceTree = "<group>"; };
		84F41A4E233C688A0027514C /* User.swift */ = {isa = PBXFileReference; lastKnownFileType = sourcecode.swift; path = User.swift; sourceTree = "<group>"; };
		84F41A53233C733A0027514C /* EditUserView.swift */ = {isa = PBXFileReference; lastKnownFileType = sourcecode.swift; path = EditUserView.swift; sourceTree = "<group>"; };
		84F41A55233C73710027514C /* UserAvatarView.swift */ = {isa = PBXFileReference; lastKnownFileType = sourcecode.swift; path = UserAvatarView.swift; sourceTree = "<group>"; };
		84F41A57233D3EB70027514C /* SelectUserAvaterView.swift */ = {isa = PBXFileReference; lastKnownFileType = sourcecode.swift; path = SelectUserAvaterView.swift; sourceTree = "<group>"; };
		84F41A5A233DA7BC0027514C /* MainCardProgressView.swift */ = {isa = PBXFileReference; lastKnownFileType = sourcecode.swift; path = MainCardProgressView.swift; sourceTree = "<group>"; };
/* End PBXFileReference section */

/* Begin PBXFrameworksBuildPhase section */
		845EC982233465A700333176 /* Frameworks */ = {
			isa = PBXFrameworksBuildPhase;
			buildActionMask = 2147483647;
			files = (
			);
			runOnlyForDeploymentPostprocessing = 0;
		};
/* End PBXFrameworksBuildPhase section */

/* Begin PBXGroup section */
		842D6BC8233698B800621AC8 /* Shared */ = {
			isa = PBXGroup;
			children = (
				844EBE9A2335C62400A4F7F0 /* ProgressBarView.swift */,
				842D6BCB233698F800621AC8 /* CustomNavigationBarView.swift */,
				84D9D316233836B0006409DB /* FloatingButtonView.swift */,
				84517B32233C45700004623F /* CloseButtonView.swift */,
				84F41A55233C73710027514C /* UserAvatarView.swift */,
			);
			path = Shared;
			sourceTree = "<group>";
		};
		842D6BCD23369F4300621AC8 /* Main */ = {
			isa = PBXGroup;
			children = (
				84D79A142335E1B90075BC29 /* MainView.swift */,
				845EC99F2334670300333176 /* MainCardView.swift */,
				84F41A5A233DA7BC0027514C /* MainCardProgressView.swift */,
				84D79A102335DE6E0075BC29 /* MainHeaderView.swift */,
			);
			path = Main;
			sourceTree = "<group>";
		};
		842D6BCE23369F7F00621AC8 /* Details */ = {
			isa = PBXGroup;
			children = (
				842D6BD62336BCF400621AC8 /* TodoDetailsView.swift */,
				84D79A0E2335D9530075BC29 /* TaskListCellView.swift */,
				842D6BCF2336A03500621AC8 /* DetailsHeaderView.swift */,
				842D6BD42336A90500621AC8 /* TaskListView.swift */,
			);
			path = Details;
			sourceTree = "<group>";
		};
		842D6BD12336A23E00621AC8 /* Modifiers */ = {
			isa = PBXGroup;
			children = (
				842D6BD22336A25F00621AC8 /* TodoIconModifier.swift */,
			);
			path = Modifiers;
			sourceTree = "<group>";
		};
		844EBE972335C5D400A4F7F0 /* Views */ = {
			isa = PBXGroup;
			children = (
				84F41A52233C73280027514C /* EditUser */,
				842D6BD12336A23E00621AC8 /* Modifiers */,
				842D6BCD23369F4300621AC8 /* Main */,
				842D6BCE23369F7F00621AC8 /* Details */,
				84D9D318233840D0006409DB /* NewTask */,
				842D6BC8233698B800621AC8 /* Shared */,
			);
			path = Views;
			sourceTree = "<group>";
		};
		844EBE9C2335D4FE00A4F7F0 /* Model */ = {
			isa = PBXGroup;
			children = (
				84517B2E233C1AB20004623F /* App.swift */,
				84F41A4E233C688A0027514C /* User.swift */,
				844EBE9D2335D50A00A4F7F0 /* TodoList.swift */,
				84D79A0C2335D8E10075BC29 /* Task.swift */,
			);
			path = Model;
			sourceTree = "<group>";
		};
		845EC97C233465A700333176 = {
			isa = PBXGroup;
			children = (
				845EC987233465A700333176 /* TodoDribble */,
				845EC986233465A700333176 /* Products */,
			);
			sourceTree = "<group>";
		};
		845EC986233465A700333176 /* Products */ = {
			isa = PBXGroup;
			children = (
				845EC985233465A700333176 /* TodoDribble.app */,
			);
			name = Products;
			sourceTree = "<group>";
		};
		845EC987233465A700333176 /* TodoDribble */ = {
			isa = PBXGroup;
			children = (
				844EBE9C2335D4FE00A4F7F0 /* Model */,
				844EBE972335C5D400A4F7F0 /* Views */,
				84D79A122335E1AA0075BC29 /* Colors.swift */,
				845EC988233465A700333176 /* AppDelegate.swift */,
				845EC98A233465A700333176 /* SceneDelegate.swift */,
				845EC991233465AB00333176 /* Assets.xcassets */,
				845EC996233465AB00333176 /* LaunchScreen.storyboard */,
				845EC999233465AB00333176 /* Info.plist */,
				845EC98C233465A700333176 /* TodoDribble.xcdatamodeld */,
				845EC993233465AB00333176 /* Preview Content */,
			);
			path = TodoDribble;
			sourceTree = "<group>";
		};
		845EC993233465AB00333176 /* Preview Content */ = {
			isa = PBXGroup;
			children = (
				845EC994233465AB00333176 /* Preview Assets.xcassets */,
			);
			path = "Preview Content";
			sourceTree = "<group>";
		};
		84D9D318233840D0006409DB /* NewTask */ = {
			isa = PBXGroup;
			children = (
				84D9D31923384168006409DB /* NewTaskView.swift */,
			);
			path = NewTask;
			sourceTree = "<group>";
		};
		84F41A52233C73280027514C /* EditUser */ = {
			isa = PBXGroup;
			children = (
				84F41A53233C733A0027514C /* EditUserView.swift */,
				84F41A57233D3EB70027514C /* SelectUserAvaterView.swift */,
			);
			path = EditUser;
			sourceTree = "<group>";
		};
/* End PBXGroup section */

/* Begin PBXNativeTarget section */
		845EC984233465A700333176 /* TodoDribble */ = {
			isa = PBXNativeTarget;
			buildConfigurationList = 845EC99C233465AB00333176 /* Build configuration list for PBXNativeTarget "TodoDribble" */;
			buildPhases = (
				845EC981233465A700333176 /* Sources */,
				845EC982233465A700333176 /* Frameworks */,
				845EC983233465A700333176 /* Resources */,
			);
			buildRules = (
			);
			dependencies = (
			);
			name = TodoDribble;
			productName = TodoDribble;
			productReference = 845EC985233465A700333176 /* TodoDribble.app */;
			productType = "com.apple.product-type.application";
		};
/* End PBXNativeTarget section */

/* Begin PBXProject section */
		845EC97D233465A700333176 /* Project object */ = {
			isa = PBXProject;
			attributes = {
				LastSwiftUpdateCheck = 1100;
				LastUpgradeCheck = 1100;
				ORGANIZATIONNAME = "Renan Benatti Dias";
				TargetAttributes = {
					845EC984233465A700333176 = {
						CreatedOnToolsVersion = 11.0;
					};
				};
			};
			buildConfigurationList = 845EC980233465A700333176 /* Build configuration list for PBXProject "TodoDribble" */;
			compatibilityVersion = "Xcode 9.3";
			developmentRegion = en;
			hasScannedForEncodings = 0;
			knownRegions = (
				en,
				Base,
			);
			mainGroup = 845EC97C233465A700333176;
			productRefGroup = 845EC986233465A700333176 /* Products */;
			projectDirPath = "";
			projectRoot = "";
			targets = (
				845EC984233465A700333176 /* TodoDribble */,
			);
		};
/* End PBXProject section */

/* Begin PBXResourcesBuildPhase section */
		845EC983233465A700333176 /* Resources */ = {
			isa = PBXResourcesBuildPhase;
			buildActionMask = 2147483647;
			files = (
				845EC998233465AB00333176 /* LaunchScreen.storyboard in Resources */,
				845EC995233465AB00333176 /* Preview Assets.xcassets in Resources */,
				845EC992233465AB00333176 /* Assets.xcassets in Resources */,
			);
			runOnlyForDeploymentPostprocessing = 0;
		};
/* End PBXResourcesBuildPhase section */

/* Begin PBXSourcesBuildPhase section */
		845EC981233465A700333176 /* Sources */ = {
			isa = PBXSourcesBuildPhase;
			buildActionMask = 2147483647;
			files = (
				84D9D317233836B0006409DB /* FloatingButtonView.swift in Sources */,
				84D9D31A23384168006409DB /* NewTaskView.swift in Sources */,
				84D79A112335DE6E0075BC29 /* MainHeaderView.swift in Sources */,
				84D79A152335E1B90075BC29 /* MainView.swift in Sources */,
				84F41A56233C73710027514C /* UserAvatarView.swift in Sources */,
				842D6BCC233698F800621AC8 /* CustomNavigationBarView.swift in Sources */,
				84D79A132335E1AA0075BC29 /* Colors.swift in Sources */,
				842D6BD32336A25F00621AC8 /* TodoIconModifier.swift in Sources */,
				842D6BD02336A03500621AC8 /* DetailsHeaderView.swift in Sources */,
				84517B33233C45700004623F /* CloseButtonView.swift in Sources */,
				84F41A54233C733A0027514C /* EditUserView.swift in Sources */,
				84D79A0D2335D8E10075BC29 /* Task.swift in Sources */,
				842D6BD52336A90500621AC8 /* TaskListView.swift in Sources */,
				845EC989233465A700333176 /* AppDelegate.swift in Sources */,
				84D79A0F2335D9530075BC29 /* TaskListCellView.swift in Sources */,
				84F41A5B233DA7BC0027514C /* MainCardProgressView.swift in Sources */,
				844EBE9E2335D50A00A4F7F0 /* TodoList.swift in Sources */,
				84517B2F233C1AB20004623F /* App.swift in Sources */,
				844EBE9B2335C62400A4F7F0 /* ProgressBarView.swift in Sources */,
				84F41A58233D3EB70027514C /* SelectUserAvaterView.swift in Sources */,
				845EC98B233465A700333176 /* SceneDelegate.swift in Sources */,
				84F41A4F233C688A0027514C /* User.swift in Sources */,
				845EC98E233465A700333176 /* TodoDribble.xcdatamodeld in Sources */,
				842D6BD72336BCF400621AC8 /* TodoDetailsView.swift in Sources */,
				845EC9A02334670300333176 /* MainCardView.swift in Sources */,
			);
			runOnlyForDeploymentPostprocessing = 0;
		};
/* End PBXSourcesBuildPhase section */

/* Begin PBXVariantGroup section */
		845EC996233465AB00333176 /* LaunchScreen.storyboard */ = {
			isa = PBXVariantGroup;
			children = (
				845EC997233465AB00333176 /* Base */,
			);
			name = LaunchScreen.storyboard;
			sourceTree = "<group>";
		};
/* End PBXVariantGroup section */

/* Begin XCBuildConfiguration section */
		845EC99A233465AB00333176 /* Debug */ = {
			isa = XCBuildConfiguration;
			buildSettings = {
				ALWAYS_SEARCH_USER_PATHS = NO;
				CLANG_ANALYZER_NONNULL = YES;
				CLANG_ANALYZER_NUMBER_OBJECT_CONVERSION = YES_AGGRESSIVE;
				CLANG_CXX_LANGUAGE_STANDARD = "gnu++14";
				CLANG_CXX_LIBRARY = "libc++";
				CLANG_ENABLE_MODULES = YES;
				CLANG_ENABLE_OBJC_ARC = YES;
				CLANG_ENABLE_OBJC_WEAK = YES;
				CLANG_WARN_BLOCK_CAPTURE_AUTORELEASING = YES;
				CLANG_WARN_BOOL_CONVERSION = YES;
				CLANG_WARN_COMMA = YES;
				CLANG_WARN_CONSTANT_CONVERSION = YES;
				CLANG_WARN_DEPRECATED_OBJC_IMPLEMENTATIONS = YES;
				CLANG_WARN_DIRECT_OBJC_ISA_USAGE = YES_ERROR;
				CLANG_WARN_DOCUMENTATION_COMMENTS = YES;
				CLANG_WARN_EMPTY_BODY = YES;
				CLANG_WARN_ENUM_CONVERSION = YES;
				CLANG_WARN_INFINITE_RECURSION = YES;
				CLANG_WARN_INT_CONVERSION = YES;
				CLANG_WARN_NON_LITERAL_NULL_CONVERSION = YES;
				CLANG_WARN_OBJC_IMPLICIT_RETAIN_SELF = YES;
				CLANG_WARN_OBJC_LITERAL_CONVERSION = YES;
				CLANG_WARN_OBJC_ROOT_CLASS = YES_ERROR;
				CLANG_WARN_RANGE_LOOP_ANALYSIS = YES;
				CLANG_WARN_STRICT_PROTOTYPES = YES;
				CLANG_WARN_SUSPICIOUS_MOVE = YES;
				CLANG_WARN_UNGUARDED_AVAILABILITY = YES_AGGRESSIVE;
				CLANG_WARN_UNREACHABLE_CODE = YES;
				CLANG_WARN__DUPLICATE_METHOD_MATCH = YES;
				COPY_PHASE_STRIP = NO;
				DEBUG_INFORMATION_FORMAT = dwarf;
				ENABLE_STRICT_OBJC_MSGSEND = YES;
				ENABLE_TESTABILITY = YES;
				GCC_C_LANGUAGE_STANDARD = gnu11;
				GCC_DYNAMIC_NO_PIC = NO;
				GCC_NO_COMMON_BLOCKS = YES;
				GCC_OPTIMIZATION_LEVEL = 0;
				GCC_PREPROCESSOR_DEFINITIONS = (
					"DEBUG=1",
					"$(inherited)",
				);
				GCC_WARN_64_TO_32_BIT_CONVERSION = YES;
				GCC_WARN_ABOUT_RETURN_TYPE = YES_ERROR;
				GCC_WARN_UNDECLARED_SELECTOR = YES;
				GCC_WARN_UNINITIALIZED_AUTOS = YES_AGGRESSIVE;
				GCC_WARN_UNUSED_FUNCTION = YES;
				GCC_WARN_UNUSED_VARIABLE = YES;
				IPHONEOS_DEPLOYMENT_TARGET = 13.0;
				MTL_ENABLE_DEBUG_INFO = INCLUDE_SOURCE;
				MTL_FAST_MATH = YES;
				ONLY_ACTIVE_ARCH = YES;
				SDKROOT = iphoneos;
				SWIFT_ACTIVE_COMPILATION_CONDITIONS = DEBUG;
				SWIFT_OPTIMIZATION_LEVEL = "-Onone";
			};
			name = Debug;
		};
		845EC99B233465AB00333176 /* Release */ = {
			isa = XCBuildConfiguration;
			buildSettings = {
				ALWAYS_SEARCH_USER_PATHS = NO;
				CLANG_ANALYZER_NONNULL = YES;
				CLANG_ANALYZER_NUMBER_OBJECT_CONVERSION = YES_AGGRESSIVE;
				CLANG_CXX_LANGUAGE_STANDARD = "gnu++14";
				CLANG_CXX_LIBRARY = "libc++";
				CLANG_ENABLE_MODULES = YES;
				CLANG_ENABLE_OBJC_ARC = YES;
				CLANG_ENABLE_OBJC_WEAK = YES;
				CLANG_WARN_BLOCK_CAPTURE_AUTORELEASING = YES;
				CLANG_WARN_BOOL_CONVERSION = YES;
				CLANG_WARN_COMMA = YES;
				CLANG_WARN_CONSTANT_CONVERSION = YES;
				CLANG_WARN_DEPRECATED_OBJC_IMPLEMENTATIONS = YES;
				CLANG_WARN_DIRECT_OBJC_ISA_USAGE = YES_ERROR;
				CLANG_WARN_DOCUMENTATION_COMMENTS = YES;
				CLANG_WARN_EMPTY_BODY = YES;
				CLANG_WARN_ENUM_CONVERSION = YES;
				CLANG_WARN_INFINITE_RECURSION = YES;
				CLANG_WARN_INT_CONVERSION = YES;
				CLANG_WARN_NON_LITERAL_NULL_CONVERSION = YES;
				CLANG_WARN_OBJC_IMPLICIT_RETAIN_SELF = YES;
				CLANG_WARN_OBJC_LITERAL_CONVERSION = YES;
				CLANG_WARN_OBJC_ROOT_CLASS = YES_ERROR;
				CLANG_WARN_RANGE_LOOP_ANALYSIS = YES;
				CLANG_WARN_STRICT_PROTOTYPES = YES;
				CLANG_WARN_SUSPICIOUS_MOVE = YES;
				CLANG_WARN_UNGUARDED_AVAILABILITY = YES_AGGRESSIVE;
				CLANG_WARN_UNREACHABLE_CODE = YES;
				CLANG_WARN__DUPLICATE_METHOD_MATCH = YES;
				COPY_PHASE_STRIP = NO;
				DEBUG_INFORMATION_FORMAT = "dwarf-with-dsym";
				ENABLE_NS_ASSERTIONS = NO;
				ENABLE_STRICT_OBJC_MSGSEND = YES;
				GCC_C_LANGUAGE_STANDARD = gnu11;
				GCC_NO_COMMON_BLOCKS = YES;
				GCC_WARN_64_TO_32_BIT_CONVERSION = YES;
				GCC_WARN_ABOUT_RETURN_TYPE = YES_ERROR;
				GCC_WARN_UNDECLARED_SELECTOR = YES;
				GCC_WARN_UNINITIALIZED_AUTOS = YES_AGGRESSIVE;
				GCC_WARN_UNUSED_FUNCTION = YES;
				GCC_WARN_UNUSED_VARIABLE = YES;
				IPHONEOS_DEPLOYMENT_TARGET = 13.0;
				MTL_ENABLE_DEBUG_INFO = NO;
				MTL_FAST_MATH = YES;
				SDKROOT = iphoneos;
				SWIFT_COMPILATION_MODE = wholemodule;
				SWIFT_OPTIMIZATION_LEVEL = "-O";
				VALIDATE_PRODUCT = YES;
			};
			name = Release;
		};
		845EC99D233465AB00333176 /* Debug */ = {
			isa = XCBuildConfiguration;
			buildSettings = {
				ASSETCATALOG_COMPILER_APPICON_NAME = AppIcon;
				CODE_SIGN_STYLE = Automatic;
				DEVELOPMENT_ASSET_PATHS = "\"TodoDribble/Preview Content\"";
				DEVELOPMENT_TEAM = C5SR9GRPP6;
				ENABLE_PREVIEWS = YES;
				INFOPLIST_FILE = TodoDribble/Info.plist;
				LD_RUNPATH_SEARCH_PATHS = (
					"$(inherited)",
					"@executable_path/Frameworks",
				);
				PRODUCT_BUNDLE_IDENTIFIER = com.renan.dias.TodoDribble;
				PRODUCT_NAME = "$(TARGET_NAME)";
				SWIFT_VERSION = 5.0;
				TARGETED_DEVICE_FAMILY = "1,2";
			};
			name = Debug;
		};
		845EC99E233465AB00333176 /* Release */ = {
			isa = XCBuildConfiguration;
			buildSettings = {
				ASSETCATALOG_COMPILER_APPICON_NAME = AppIcon;
				CODE_SIGN_STYLE = Automatic;
				DEVELOPMENT_ASSET_PATHS = "\"TodoDribble/Preview Content\"";
				DEVELOPMENT_TEAM = C5SR9GRPP6;
				ENABLE_PREVIEWS = YES;
				INFOPLIST_FILE = TodoDribble/Info.plist;
				LD_RUNPATH_SEARCH_PATHS = (
					"$(inherited)",
					"@executable_path/Frameworks",
				);
				PRODUCT_BUNDLE_IDENTIFIER = com.renan.dias.TodoDribble;
				PRODUCT_NAME = "$(TARGET_NAME)";
				SWIFT_VERSION = 5.0;
				TARGETED_DEVICE_FAMILY = "1,2";
			};
			name = Release;
		};
/* End XCBuildConfiguration section */

/* Begin XCConfigurationList section */
		845EC980233465A700333176 /* Build configuration list for PBXProject "TodoDribble" */ = {
			isa = XCConfigurationList;
			buildConfigurations = (
				845EC99A233465AB00333176 /* Debug */,
				845EC99B233465AB00333176 /* Release */,
			);
			defaultConfigurationIsVisible = 0;
			defaultConfigurationName = Release;
		};
		845EC99C233465AB00333176 /* Build configuration list for PBXNativeTarget "TodoDribble" */ = {
			isa = XCConfigurationList;
			buildConfigurations = (
				845EC99D233465AB00333176 /* Debug */,
				845EC99E233465AB00333176 /* Release */,
			);
			defaultConfigurationIsVisible = 0;
			defaultConfigurationName = Release;
		};
/* End XCConfigurationList section */

/* Begin XCVersionGroup section */
		845EC98C233465A700333176 /* TodoDribble.xcdatamodeld */ = {
			isa = XCVersionGroup;
			children = (
				845EC98D233465A700333176 /* TodoDribble.xcdatamodel */,
			);
			currentVersion = 845EC98D233465A700333176 /* TodoDribble.xcdatamodel */;
			path = TodoDribble.xcdatamodeld;
			sourceTree = "<group>";
			versionGroupType = wrapper.xcdatamodel;
		};
/* End XCVersionGroup section */
	};
	rootObject = 845EC97D233465A700333176 /* Project object */;
}
